schema: '2.0'
stages:
  featurization:
    cmd: python src/featurization.py
    deps:
    - path: data/raw/test_data.csv
      md5: c807df8d6d804ab2647fc15c3d40f543
      size: 18289443
    - path: data/raw/train_data.csv
      md5: 5b49cf1b57fb9d6102b559d59d99df7c
      size: 109575994
    - path: src/featurization.py
      md5: 28ebe6269365df7500671ebf60afdc93
      size: 1496
    outs:
    - path: data/processed/norm_params.json
      md5: 9f8080d22ab9d69f34b3f7c129ff5cea
      size: 138835
    - path: data/processed/test_data.npy
      md5: c86e1c9c9a4f0151c4bda659f5469ff0
      size: 1280128
    - path: data/processed/train_data.npy
      md5: 6c6bd45518ee5756fc74ab22ee886fe1
      size: 7680128
  training:
    cmd: python src/train_model.py
    deps:
    - path: data/processed/train_data.npy
      md5: 6c6bd45518ee5756fc74ab22ee886fe1
      size: 7680128
    - path: src/train_model.py
      md5: b4860db26ddb42241da4ff9519139478
      size: 1686
    outs:
    - path: metrics/train_metric.json
      md5: 25e4280ae64569d7a871c5071518465e
      size: 36
    - path: models/model.pkl
      md5: 7996c8b776827f31c74c6ab3e7373f4f
      size: 102195
  evaluation:
    cmd: python src/evaluation.py
    deps:
    - path: data/processed/test_data.npy
      md5: c86e1c9c9a4f0151c4bda659f5469ff0
      size: 1280128
    - path: models/model.pkl
      md5: 7996c8b776827f31c74c6ab3e7373f4f
      size: 102195
    - path: src/evaluation.py
      md5: 6dac4ce221b94ab7ffedd86e83f08b68
      size: 950
    outs:
    - path: metrics/eval.json
      md5: 5e82b84b3ef97a3ea523d2cdf8f9a446
      size: 20
